%{
  "dialyxir": {:hex, :dialyxir, "1.0.0-rc.4", "71b42f5ee1b7628f3e3a6565f4617dfb02d127a0499ab3e72750455e986df001", [:mix], [{:erlex, "~> 0.1", [hex: :erlex, repo: "hexpm", optional: false]}], "hexpm"},
  "erlex": {:hex, :erlex, "0.2.1", "cee02918660807cbba9a7229cae9b42d1c6143b768c781fa6cee1eaf03ad860b", [:mix], [], "hexpm"},
  "file_system": {:hex, :file_system, "0.2.6", "fd4dc3af89b9ab1dc8ccbcc214a0e60c41f34be251d9307920748a14bf41f1d3", [:mix], [], "hexpm"},
  "mix_test_watch": {:hex, :mix_test_watch, "0.9.0", "c72132a6071261893518fa08e121e911c9358713f62794a90c95db59042af375", [:mix], [{:file_system, "~> 0.2.1 or ~> 0.3", [hex: :file_system, repo: "hexpm", optional: false]}], "hexpm"},
}
